<?xml version="1.0" encoding="UTF-8"?>
<Scheme
   LastUpgradeVersion = "1500"
   version = "1.7">
   <BuildAction
      parallelizeBuildables = "YES"
      buildImplicitDependencies = "YES">
      <BuildActionEntries>
         <BuildActionEntry
            buildForTesting = "YES"
            buildForRunning = "YES"
            buildForProfiling = "YES"
            buildForArchiving = "YES"
            buildForAnalyzing = "YES">
            <BuildableReference
               BuildableIdentifier = "primary"
               BlueprintIdentifier = "208368982A8E597400E47E0B"
               BuildableName = "b2t80s.app"
               BlueprintName = "b2t80s"
               ReferencedContainer = "container:b2t80s.xcodeproj">
            </BuildableReference>
         </BuildActionEntry>
      </BuildActionEntries>
   </BuildAction>
   <TestAction
      buildConfiguration = "Debug"
      selectedDebuggerIdentifier = "Xcode.DebuggerFoundation.Debugger.LLDB"
      selectedLauncherIdentifier = "Xcode.DebuggerFoundation.Launcher.LLDB"
      shouldUseLaunchSchemeArgsEnv = "YES"
      shouldAutocreateTestPlan = "YES">
      <Testables>
         <TestableReference
            skipped = "NO"
            parallelizable = "YES">
            <BuildableReference
               BuildableIdentifier = "primary"
               BlueprintIdentifier = "208368A92A8E597600E47E0B"
               BuildableName = "b2t80sTests.xctest"
               BlueprintName = "b2t80sTests"
               ReferencedContainer = "container:b2t80s.xcodeproj">
            </BuildableReference>
            <SkippedTests>
               <Test
                  Identifier = "b2t80sTests">
               </Test>
               <Test
                  Identifier = "tapTests">
               </Test>
               <Test
                  Identifier = "z80Tests/testZEXDoc()">
               </Test>
            </SkippedTests>
         </TestableReference>
         <TestableReference
            skipped = "YES"
            parallelizable = "YES">
            <BuildableReference
               BuildableIdentifier = "primary"
               BlueprintIdentifier = "208368B32A8E597600E47E0B"
               BuildableName = "b2t80sUITests.xctest"
               BlueprintName = "b2t80sUITests"
               ReferencedContainer = "container:b2t80s.xcodeproj">
            </BuildableReference>
         </TestableReference>
      </Testables>
   </TestAction>
   <LaunchAction
      buildConfiguration = "Debug"
      selectedDebuggerIdentifier = "Xcode.DebuggerFoundation.Debugger.LLDB"
      selectedLauncherIdentifier = "Xcode.DebuggerFoundation.Launcher.LLDB"
      launchStyle = "0"
      useCustomWorkingDirectory = "NO"
      ignoresPersistentStateOnLaunch = "NO"
      debugDocumentVersioning = "YES"
      debugServiceExtension = "internal"
      allowLocationSimulation = "YES">
      <BuildableProductRunnable
         runnableDebuggingMode = "0">
         <BuildableReference
            BuildableIdentifier = "primary"
            BlueprintIdentifier = "208368982A8E597400E47E0B"
            BuildableName = "b2t80s.app"
            BlueprintName = "b2t80s"
            ReferencedContainer = "container:b2t80s.xcodeproj">
         </BuildableReference>
      </BuildableProductRunnable>
      <CommandLineArguments>
         <CommandLineArgument
            argument = "-tap"
            isEnabled = "YES">
         </CommandLineArgument>
         <CommandLineArgument
            argument = "/Users/glaullon/Library/Mobile\ Documents/com~apple~CloudDocs/dev/zxspectrum/pacman-zx/pacman.tap"
            isEnabled = "YES">
         </CommandLineArgument>
      </CommandLineArguments>
   </LaunchAction>
   <ProfileAction
      buildConfiguration = "Release"
      shouldUseLaunchSchemeArgsEnv = "YES"
      savedToolIdentifier = ""
      useCustomWorkingDirectory = "NO"
      debugDocumentVersioning = "YES">
      <BuildableProductRunnable
         runnableDebuggingMode = "0">
         <BuildableReference
            BuildableIdentifier = "primary"
            BlueprintIdentifier = "208368982A8E597400E47E0B"
            BuildableName = "b2t80s.app"
            BlueprintName = "b2t80s"
            ReferencedContainer = "container:b2t80s.xcodeproj">
         </BuildableReference>
      </BuildableProductRunnable>
   </ProfileAction>
   <AnalyzeAction
      buildConfiguration = "Debug">
   </AnalyzeAction>
   <ArchiveAction
      buildConfiguration = "Release"
      revealArchiveInOrganizer = "YES">
   </ArchiveAction>
</Scheme>
