// !$*UTF8*$!
{
	archiveVersion = 1;
	classes = {
	};
	objectVersion = 56;
	objects = {

/* Begin PBXBuildFile section */
		200414132ACC41CA00DAD673 /* controlsOverlay.swift in Sources */ = {isa = PBXBuildFile; fileRef = 200414122ACC41CA00DAD673 /* controlsOverlay.swift */; };
		2005EAC52AC58D1300472B64 /* opsCodes.swift in Sources */ = {isa = PBXBuildFile; fileRef = 2005EAC32AC58D1300472B64 /* opsCodes.swift */; };
		2005EAC62AC58D1300472B64 /* ops.swift in Sources */ = {isa = PBXBuildFile; fileRef = 2005EAC42AC58D1300472B64 /* ops.swift */; };
		203510B92AB0A8310069B16D /* sound.swift in Sources */ = {isa = PBXBuildFile; fileRef = 203510B82AB0A8310069B16D /* sound.swift */; };
		203882972AA9E5C000878CD9 /* formatters.swift in Sources */ = {isa = PBXBuildFile; fileRef = 203882962AA9E5C000878CD9 /* formatters.swift */; };
		203FC8CD2AC2BFDD00F7E0A1 /* breakPointsView.swift in Sources */ = {isa = PBXBuildFile; fileRef = 203FC8CC2AC2BFDD00F7E0A1 /* breakPointsView.swift */; };
		204AC99A2A9E295C008FF2F8 /* bitmap.swift in Sources */ = {isa = PBXBuildFile; fileRef = 204AC9992A9E295C008FF2F8 /* bitmap.swift */; };
		20759FF72AA34CC200E0969D /* cassete.swift in Sources */ = {isa = PBXBuildFile; fileRef = 20759FF62AA34CC200E0969D /* cassete.swift */; };
		20759FF92AA34EE700E0969D /* tap.swift in Sources */ = {isa = PBXBuildFile; fileRef = 20759FF82AA34EE700E0969D /* tap.swift */; };
		2083689D2A8E597400E47E0B /* b2t80sApp.swift in Sources */ = {isa = PBXBuildFile; fileRef = 2083689C2A8E597400E47E0B /* b2t80sApp.swift */; };
		2083689F2A8E597400E47E0B /* ContentView.swift in Sources */ = {isa = PBXBuildFile; fileRef = 2083689E2A8E597400E47E0B /* ContentView.swift */; };
		208368A12A8E597500E47E0B /* Assets.xcassets in Resources */ = {isa = PBXBuildFile; fileRef = 208368A02A8E597500E47E0B /* Assets.xcassets */; };
		208368A42A8E597500E47E0B /* Preview Assets.xcassets in Resources */ = {isa = PBXBuildFile; fileRef = 208368A32A8E597500E47E0B /* Preview Assets.xcassets */; };
		208368AF2A8E597600E47E0B /* b2t80sTests.swift in Sources */ = {isa = PBXBuildFile; fileRef = 208368AE2A8E597600E47E0B /* b2t80sTests.swift */; };
		208368B92A8E597600E47E0B /* b2t80sUITests.swift in Sources */ = {isa = PBXBuildFile; fileRef = 208368B82A8E597600E47E0B /* b2t80sUITests.swift */; };
		208368BB2A8E597600E47E0B /* b2t80sUITestsLaunchTests.swift in Sources */ = {isa = PBXBuildFile; fileRef = 208368BA2A8E597600E47E0B /* b2t80sUITestsLaunchTests.swift */; };
		208368D02A8E5BF200E47E0B /* z80.swift in Sources */ = {isa = PBXBuildFile; fileRef = 208368CF2A8E5BF200E47E0B /* z80.swift */; };
		2094939F2AA78DD600938DA2 /* collapsible.swift in Sources */ = {isa = PBXBuildFile; fileRef = 2094939E2AA78DD600938DA2 /* collapsible.swift */; };
		209C1EDE2A936E960005F128 /* tests.out in Resources */ = {isa = PBXBuildFile; fileRef = 209C1EDC2A936E960005F128 /* tests.out */; };
		209C1EDF2A936E960005F128 /* tests.in in Resources */ = {isa = PBXBuildFile; fileRef = 209C1EDD2A936E960005F128 /* tests.in */; };
		20A518202AA4A1AD00F04BB8 /* pacman.tap in Resources */ = {isa = PBXBuildFile; fileRef = 20A5181F2AA4A1AD00F04BB8 /* pacman.tap */; };
		20A518222AA4A1CC00F04BB8 /* tapTests.swift in Sources */ = {isa = PBXBuildFile; fileRef = 20A518212AA4A1CC00F04BB8 /* tapTests.swift */; };
		20A67ADC2A9A079E0012CEAB /* diss.swift in Sources */ = {isa = PBXBuildFile; fileRef = 20A67ADB2A9A079E0012CEAB /* diss.swift */; };
		20A67ADE2A9B6AC60012CEAB /* registers.swift in Sources */ = {isa = PBXBuildFile; fileRef = 20A67ADD2A9B6AC60012CEAB /* registers.swift */; };
		20A67AE52A9DE1E40012CEAB /* 48k.swift in Sources */ = {isa = PBXBuildFile; fileRef = 20A67AE42A9DE1E40012CEAB /* 48k.swift */; };
		20A67AE72A9DED360012CEAB /* 48k.rom in Resources */ = {isa = PBXBuildFile; fileRef = 20A67AE62A9DEA200012CEAB /* 48k.rom */; };
		20A67AE92A9E06AB0012CEAB /* ula.swift in Sources */ = {isa = PBXBuildFile; fileRef = 20A67AE82A9E06AB0012CEAB /* ula.swift */; };
		20B4118D2AC38B1600645F1C /* misc.swift in Sources */ = {isa = PBXBuildFile; fileRef = 20B4118C2AC38B1600645F1C /* misc.swift */; };
		20B411902AC464DD00645F1C /* debuggerControls.swift in Sources */ = {isa = PBXBuildFile; fileRef = 20B4118F2AC464DD00645F1C /* debuggerControls.swift */; };
		20C4EF352AC5808400776D19 /* symbolSelector.swift in Sources */ = {isa = PBXBuildFile; fileRef = 20C4EF342AC5808400776D19 /* symbolSelector.swift */; };
		20C5EACD2AA094B90027E715 /* ula_key.swift in Sources */ = {isa = PBXBuildFile; fileRef = 20C5EACC2AA094B90027E715 /* ula_key.swift */; };
		20C8C3812A8F635800188246 /* z80Tests.swift in Sources */ = {isa = PBXBuildFile; fileRef = 20C8C3802A8F635800188246 /* z80Tests.swift */; };
		20C8C3852A8F69CF00188246 /* zexdocsmall.cim in Resources */ = {isa = PBXBuildFile; fileRef = 20C8C3842A8F688200188246 /* zexdocsmall.cim */; };
		20C8C3872A8F6DDF00188246 /* bus.swift in Sources */ = {isa = PBXBuildFile; fileRef = 20C8C3862A8F6DDF00188246 /* bus.swift */; };
		20C8C38B2A8F7EE400188246 /* scheduler.swift in Sources */ = {isa = PBXBuildFile; fileRef = 20C8C38A2A8F7EE400188246 /* scheduler.swift */; };
		20C8C38D2A8F7FD800188246 /* types.swift in Sources */ = {isa = PBXBuildFile; fileRef = 20C8C38C2A8F7FD800188246 /* types.swift */; };
		20C8C3932A92154100188246 /* test.swift in Sources */ = {isa = PBXBuildFile; fileRef = 20C8C3922A92154100188246 /* test.swift */; };
/* End PBXBuildFile section */

/* Begin PBXContainerItemProxy section */
		208368AB2A8E597600E47E0B /* PBXContainerItemProxy */ = {
			isa = PBXContainerItemProxy;
			containerPortal = 208368912A8E597400E47E0B /* Project object */;
			proxyType = 1;
			remoteGlobalIDString = 208368982A8E597400E47E0B;
			remoteInfo = b2t80s;
		};
		208368B52A8E597600E47E0B /* PBXContainerItemProxy */ = {
			isa = PBXContainerItemProxy;
			containerPortal = 208368912A8E597400E47E0B /* Project object */;
			proxyType = 1;
			remoteGlobalIDString = 208368982A8E597400E47E0B;
			remoteInfo = b2t80s;
		};
/* End PBXContainerItemProxy section */

/* Begin PBXFileReference section */
		200414122ACC41CA00DAD673 /* controlsOverlay.swift */ = {isa = PBXFileReference; lastKnownFileType = sourcecode.swift; path = controlsOverlay.swift; sourceTree = "<group>"; };
		2005EAC32AC58D1300472B64 /* opsCodes.swift */ = {isa = PBXFileReference; fileEncoding = 4; lastKnownFileType = sourcecode.swift; path = opsCodes.swift; sourceTree = "<group>"; };
		2005EAC42AC58D1300472B64 /* ops.swift */ = {isa = PBXFileReference; fileEncoding = 4; lastKnownFileType = sourcecode.swift; path = ops.swift; sourceTree = "<group>"; };
		200C3B362A9F72DE00B03EE4 /* tests.playground */ = {isa = PBXFileReference; lastKnownFileType = file.playground; path = tests.playground; sourceTree = "<group>"; xcLanguageSpecificationIdentifier = xcode.lang.swift; };
		203510B82AB0A8310069B16D /* sound.swift */ = {isa = PBXFileReference; lastKnownFileType = sourcecode.swift; path = sound.swift; sourceTree = "<group>"; };
		203882962AA9E5C000878CD9 /* formatters.swift */ = {isa = PBXFileReference; lastKnownFileType = sourcecode.swift; path = formatters.swift; sourceTree = "<group>"; };
		203FC8CC2AC2BFDD00F7E0A1 /* breakPointsView.swift */ = {isa = PBXFileReference; lastKnownFileType = sourcecode.swift; path = breakPointsView.swift; sourceTree = "<group>"; };
		204AC9992A9E295C008FF2F8 /* bitmap.swift */ = {isa = PBXFileReference; lastKnownFileType = sourcecode.swift; path = bitmap.swift; sourceTree = "<group>"; };
		20759FF62AA34CC200E0969D /* cassete.swift */ = {isa = PBXFileReference; lastKnownFileType = sourcecode.swift; path = cassete.swift; sourceTree = "<group>"; };
		20759FF82AA34EE700E0969D /* tap.swift */ = {isa = PBXFileReference; lastKnownFileType = sourcecode.swift; path = tap.swift; sourceTree = "<group>"; };
		20759FFA2AA393F600E0969D /* Info.plist */ = {isa = PBXFileReference; lastKnownFileType = text.plist; path = Info.plist; sourceTree = "<group>"; };
		208368992A8E597400E47E0B /* b2t80s.app */ = {isa = PBXFileReference; explicitFileType = wrapper.application; includeInIndex = 0; path = b2t80s.app; sourceTree = BUILT_PRODUCTS_DIR; };
		2083689C2A8E597400E47E0B /* b2t80sApp.swift */ = {isa = PBXFileReference; lastKnownFileType = sourcecode.swift; path = b2t80sApp.swift; sourceTree = "<group>"; };
		2083689E2A8E597400E47E0B /* ContentView.swift */ = {isa = PBXFileReference; lastKnownFileType = sourcecode.swift; path = ContentView.swift; sourceTree = "<group>"; };
		208368A02A8E597500E47E0B /* Assets.xcassets */ = {isa = PBXFileReference; lastKnownFileType = folder.assetcatalog; path = Assets.xcassets; sourceTree = "<group>"; };
		208368A32A8E597500E47E0B /* Preview Assets.xcassets */ = {isa = PBXFileReference; lastKnownFileType = folder.assetcatalog; path = "Preview Assets.xcassets"; sourceTree = "<group>"; };
		208368A52A8E597500E47E0B /* b2t80s.entitlements */ = {isa = PBXFileReference; lastKnownFileType = text.plist.entitlements; path = b2t80s.entitlements; sourceTree = "<group>"; };
		208368AA2A8E597600E47E0B /* b2t80sTests.xctest */ = {isa = PBXFileReference; explicitFileType = wrapper.cfbundle; includeInIndex = 0; path = b2t80sTests.xctest; sourceTree = BUILT_PRODUCTS_DIR; };
		208368AE2A8E597600E47E0B /* b2t80sTests.swift */ = {isa = PBXFileReference; lastKnownFileType = sourcecode.swift; path = b2t80sTests.swift; sourceTree = "<group>"; };
		208368B42A8E597600E47E0B /* b2t80sUITests.xctest */ = {isa = PBXFileReference; explicitFileType = wrapper.cfbundle; includeInIndex = 0; path = b2t80sUITests.xctest; sourceTree = BUILT_PRODUCTS_DIR; };
		208368B82A8E597600E47E0B /* b2t80sUITests.swift */ = {isa = PBXFileReference; lastKnownFileType = sourcecode.swift; path = b2t80sUITests.swift; sourceTree = "<group>"; };
		208368BA2A8E597600E47E0B /* b2t80sUITestsLaunchTests.swift */ = {isa = PBXFileReference; lastKnownFileType = sourcecode.swift; path = b2t80sUITestsLaunchTests.swift; sourceTree = "<group>"; };
		208368CF2A8E5BF200E47E0B /* z80.swift */ = {isa = PBXFileReference; lastKnownFileType = sourcecode.swift; path = z80.swift; sourceTree = "<group>"; };
		2094939E2AA78DD600938DA2 /* collapsible.swift */ = {isa = PBXFileReference; lastKnownFileType = sourcecode.swift; path = collapsible.swift; sourceTree = "<group>"; };
		209C1EDC2A936E960005F128 /* tests.out */ = {isa = PBXFileReference; fileEncoding = 4; lastKnownFileType = text; path = tests.out; sourceTree = "<group>"; };
		209C1EDD2A936E960005F128 /* tests.in */ = {isa = PBXFileReference; fileEncoding = 4; lastKnownFileType = text; path = tests.in; sourceTree = "<group>"; };
		20A5181F2AA4A1AD00F04BB8 /* pacman.tap */ = {isa = PBXFileReference; lastKnownFileType = file; path = pacman.tap; sourceTree = "<group>"; };
		20A518212AA4A1CC00F04BB8 /* tapTests.swift */ = {isa = PBXFileReference; lastKnownFileType = sourcecode.swift; path = tapTests.swift; sourceTree = "<group>"; };
		20A67ADB2A9A079E0012CEAB /* diss.swift */ = {isa = PBXFileReference; lastKnownFileType = sourcecode.swift; path = diss.swift; sourceTree = "<group>"; };
		20A67ADD2A9B6AC60012CEAB /* registers.swift */ = {isa = PBXFileReference; lastKnownFileType = sourcecode.swift; path = registers.swift; sourceTree = "<group>"; };
		20A67AE42A9DE1E40012CEAB /* 48k.swift */ = {isa = PBXFileReference; lastKnownFileType = sourcecode.swift; path = 48k.swift; sourceTree = "<group>"; };
		20A67AE62A9DEA200012CEAB /* 48k.rom */ = {isa = PBXFileReference; lastKnownFileType = file; path = 48k.rom; sourceTree = "<group>"; };
		20A67AE82A9E06AB0012CEAB /* ula.swift */ = {isa = PBXFileReference; lastKnownFileType = sourcecode.swift; path = ula.swift; sourceTree = "<group>"; };
		20B4118C2AC38B1600645F1C /* misc.swift */ = {isa = PBXFileReference; lastKnownFileType = sourcecode.swift; path = misc.swift; sourceTree = "<group>"; };
		20B4118F2AC464DD00645F1C /* debuggerControls.swift */ = {isa = PBXFileReference; lastKnownFileType = sourcecode.swift; path = debuggerControls.swift; sourceTree = "<group>"; };
		20C4EF342AC5808400776D19 /* symbolSelector.swift */ = {isa = PBXFileReference; lastKnownFileType = sourcecode.swift; path = symbolSelector.swift; sourceTree = "<group>"; };
		20C5EACC2AA094B90027E715 /* ula_key.swift */ = {isa = PBXFileReference; lastKnownFileType = sourcecode.swift; path = ula_key.swift; sourceTree = "<group>"; };
		20C8C3802A8F635800188246 /* z80Tests.swift */ = {isa = PBXFileReference; lastKnownFileType = sourcecode.swift; path = z80Tests.swift; sourceTree = "<group>"; };
		20C8C3842A8F688200188246 /* zexdocsmall.cim */ = {isa = PBXFileReference; lastKnownFileType = file; path = zexdocsmall.cim; sourceTree = "<group>"; };
		20C8C3862A8F6DDF00188246 /* bus.swift */ = {isa = PBXFileReference; lastKnownFileType = sourcecode.swift; path = bus.swift; sourceTree = "<group>"; };
		20C8C38A2A8F7EE400188246 /* scheduler.swift */ = {isa = PBXFileReference; lastKnownFileType = sourcecode.swift; path = scheduler.swift; sourceTree = "<group>"; };
		20C8C38C2A8F7FD800188246 /* types.swift */ = {isa = PBXFileReference; lastKnownFileType = sourcecode.swift; path = types.swift; sourceTree = "<group>"; };
		20C8C3922A92154100188246 /* test.swift */ = {isa = PBXFileReference; lastKnownFileType = sourcecode.swift; path = test.swift; sourceTree = "<group>"; };
/* End PBXFileReference section */

/* Begin PBXFrameworksBuildPhase section */
		208368962A8E597400E47E0B /* Frameworks */ = {
			isa = PBXFrameworksBuildPhase;
			buildActionMask = 2147483647;
			files = (
			);
			runOnlyForDeploymentPostprocessing = 0;
		};
		208368A72A8E597600E47E0B /* Frameworks */ = {
			isa = PBXFrameworksBuildPhase;
			buildActionMask = 2147483647;
			files = (
			);
			runOnlyForDeploymentPostprocessing = 0;
		};
		208368B12A8E597600E47E0B /* Frameworks */ = {
			isa = PBXFrameworksBuildPhase;
			buildActionMask = 2147483647;
			files = (
			);
			runOnlyForDeploymentPostprocessing = 0;
		};
/* End PBXFrameworksBuildPhase section */

/* Begin PBXGroup section */
		203FC8CB2AC2BFAA00F7E0A1 /* UI */ = {
			isa = PBXGroup;
			children = (
				203FC8CC2AC2BFDD00F7E0A1 /* breakPointsView.swift */,
				20B4118F2AC464DD00645F1C /* debuggerControls.swift */,
				20C4EF342AC5808400776D19 /* symbolSelector.swift */,
				200414122ACC41CA00DAD673 /* controlsOverlay.swift */,
			);
			path = UI;
			sourceTree = "<group>";
		};
		208368902A8E597400E47E0B = {
			isa = PBXGroup;
			children = (
				2083689B2A8E597400E47E0B /* b2t80s */,
				208368AD2A8E597600E47E0B /* b2t80sTests */,
				208368B72A8E597600E47E0B /* b2t80sUITests */,
				2083689A2A8E597400E47E0B /* Products */,
				200C3B362A9F72DE00B03EE4 /* tests.playground */,
			);
			sourceTree = "<group>";
		};
		2083689A2A8E597400E47E0B /* Products */ = {
			isa = PBXGroup;
			children = (
				208368992A8E597400E47E0B /* b2t80s.app */,
				208368AA2A8E597600E47E0B /* b2t80sTests.xctest */,
				208368B42A8E597600E47E0B /* b2t80sUITests.xctest */,
			);
			name = Products;
			sourceTree = "<group>";
		};
		2083689B2A8E597400E47E0B /* b2t80s */ = {
			isa = PBXGroup;
			children = (
				203FC8CB2AC2BFAA00F7E0A1 /* UI */,
				2094939D2AA78DC400938DA2 /* utils */,
				20759FFA2AA393F600E0969D /* Info.plist */,
				20A67AE22A9DE1C60012CEAB /* machines */,
				208368CD2A8E5BDB00E47E0B /* CPU */,
				2083689C2A8E597400E47E0B /* b2t80sApp.swift */,
				2083689E2A8E597400E47E0B /* ContentView.swift */,
				204AC9992A9E295C008FF2F8 /* bitmap.swift */,
				208368A02A8E597500E47E0B /* Assets.xcassets */,
				208368A52A8E597500E47E0B /* b2t80s.entitlements */,
				208368A22A8E597500E47E0B /* Preview Content */,
			);
			path = b2t80s;
			sourceTree = "<group>";
		};
		208368A22A8E597500E47E0B /* Preview Content */ = {
			isa = PBXGroup;
			children = (
				208368A32A8E597500E47E0B /* Preview Assets.xcassets */,
			);
			path = "Preview Content";
			sourceTree = "<group>";
		};
		208368AD2A8E597600E47E0B /* b2t80sTests */ = {
			isa = PBXGroup;
			children = (
				20C8C37E2A8F630900188246 /* CPU */,
				208368AE2A8E597600E47E0B /* b2t80sTests.swift */,
			);
			path = b2t80sTests;
			sourceTree = "<group>";
		};
		208368B72A8E597600E47E0B /* b2t80sUITests */ = {
			isa = PBXGroup;
			children = (
				208368CB2A8E5BB600E47E0B /* z80 */,
				208368B82A8E597600E47E0B /* b2t80sUITests.swift */,
				208368BA2A8E597600E47E0B /* b2t80sUITestsLaunchTests.swift */,
			);
			path = b2t80sUITests;
			sourceTree = "<group>";
		};
		208368CB2A8E5BB600E47E0B /* z80 */ = {
			isa = PBXGroup;
			children = (
			);
			name = z80;
			path = b2t80s/cpu/z80;
			sourceTree = SOURCE_ROOT;
		};
		208368CD2A8E5BDB00E47E0B /* CPU */ = {
			isa = PBXGroup;
			children = (
				208368CE2A8E5BE300E47E0B /* Z80 */,
			);
			path = CPU;
			sourceTree = "<group>";
		};
		208368CE2A8E5BE300E47E0B /* Z80 */ = {
			isa = PBXGroup;
			children = (
				2005EAC42AC58D1300472B64 /* ops.swift */,
				2005EAC32AC58D1300472B64 /* opsCodes.swift */,
				208368CF2A8E5BF200E47E0B /* z80.swift */,
				20C8C3862A8F6DDF00188246 /* bus.swift */,
				20C8C38A2A8F7EE400188246 /* scheduler.swift */,
				20C8C38C2A8F7FD800188246 /* types.swift */,
				20C8C3922A92154100188246 /* test.swift */,
				20A67ADB2A9A079E0012CEAB /* diss.swift */,
				20A67ADD2A9B6AC60012CEAB /* registers.swift */,
			);
			path = Z80;
			sourceTree = "<group>";
		};
		2094939D2AA78DC400938DA2 /* utils */ = {
			isa = PBXGroup;
			children = (
				2094939E2AA78DD600938DA2 /* collapsible.swift */,
				203882962AA9E5C000878CD9 /* formatters.swift */,
				20B4118C2AC38B1600645F1C /* misc.swift */,
			);
			path = utils;
			sourceTree = "<group>";
		};
		20A67AE22A9DE1C60012CEAB /* machines */ = {
			isa = PBXGroup;
			children = (
				20A67AE32A9DE1C60012CEAB /* zxspectrum */,
			);
			path = machines;
			sourceTree = "<group>";
		};
		20A67AE32A9DE1C60012CEAB /* zxspectrum */ = {
			isa = PBXGroup;
			children = (
				20A67AE42A9DE1E40012CEAB /* 48k.swift */,
				20A67AE62A9DEA200012CEAB /* 48k.rom */,
				20A67AE82A9E06AB0012CEAB /* ula.swift */,
				20C5EACC2AA094B90027E715 /* ula_key.swift */,
				20759FF62AA34CC200E0969D /* cassete.swift */,
				20759FF82AA34EE700E0969D /* tap.swift */,
				203510B82AB0A8310069B16D /* sound.swift */,
			);
			path = zxspectrum;
			sourceTree = "<group>";
		};
		20C8C37E2A8F630900188246 /* CPU */ = {
			isa = PBXGroup;
			children = (
				20C8C37F2A8F631900188246 /* Z80 */,
			);
			path = CPU;
			sourceTree = "<group>";
		};
		20C8C37F2A8F631900188246 /* Z80 */ = {
			isa = PBXGroup;
			children = (
				20A5181F2AA4A1AD00F04BB8 /* pacman.tap */,
				209C1EDD2A936E960005F128 /* tests.in */,
				209C1EDC2A936E960005F128 /* tests.out */,
				20C8C3842A8F688200188246 /* zexdocsmall.cim */,
				20C8C3802A8F635800188246 /* z80Tests.swift */,
				20A518212AA4A1CC00F04BB8 /* tapTests.swift */,
			);
			path = Z80;
			sourceTree = "<group>";
		};
/* End PBXGroup section */

/* Begin PBXNativeTarget section */
		208368982A8E597400E47E0B /* b2t80s */ = {
			isa = PBXNativeTarget;
			buildConfigurationList = 208368BE2A8E597600E47E0B /* Build configuration list for PBXNativeTarget "b2t80s" */;
			buildPhases = (
				208368952A8E597400E47E0B /* Sources */,
				208368962A8E597400E47E0B /* Frameworks */,
				208368972A8E597400E47E0B /* Resources */,
			);
			buildRules = (
			);
			dependencies = (
			);
			name = b2t80s;
			productName = b2t80s;
			productReference = 208368992A8E597400E47E0B /* b2t80s.app */;
			productType = "com.apple.product-type.application";
		};
		208368A92A8E597600E47E0B /* b2t80sTests */ = {
			isa = PBXNativeTarget;
			buildConfigurationList = 208368C12A8E597600E47E0B /* Build configuration list for PBXNativeTarget "b2t80sTests" */;
			buildPhases = (
				208368A82A8E597600E47E0B /* Resources */,
				208368A62A8E597600E47E0B /* Sources */,
				208368A72A8E597600E47E0B /* Frameworks */,
			);
			buildRules = (
			);
			dependencies = (
				208368AC2A8E597600E47E0B /* PBXTargetDependency */,
			);
			name = b2t80sTests;
			productName = b2t80sTests;
			productReference = 208368AA2A8E597600E47E0B /* b2t80sTests.xctest */;
			productType = "com.apple.product-type.bundle.unit-test";
		};
		208368B32A8E597600E47E0B /* b2t80sUITests */ = {
			isa = PBXNativeTarget;
			buildConfigurationList = 208368C42A8E597600E47E0B /* Build configuration list for PBXNativeTarget "b2t80sUITests" */;
			buildPhases = (
				208368B02A8E597600E47E0B /* Sources */,
				208368B12A8E597600E47E0B /* Frameworks */,
				208368B22A8E597600E47E0B /* Resources */,
			);
			buildRules = (
			);
			dependencies = (
				208368B62A8E597600E47E0B /* PBXTargetDependency */,
			);
			name = b2t80sUITests;
			productName = b2t80sUITests;
			productReference = 208368B42A8E597600E47E0B /* b2t80sUITests.xctest */;
			productType = "com.apple.product-type.bundle.ui-testing";
		};
/* End PBXNativeTarget section */

/* Begin PBXProject section */
		208368912A8E597400E47E0B /* Project object */ = {
			isa = PBXProject;
			attributes = {
				BuildIndependentTargetsInParallel = 1;
				LastSwiftUpdateCheck = 1430;
				LastUpgradeCheck = 1500;
				TargetAttributes = {
					208368982A8E597400E47E0B = {
						CreatedOnToolsVersion = 14.3.1;
					};
					208368A92A8E597600E47E0B = {
						CreatedOnToolsVersion = 14.3.1;
						TestTargetID = 208368982A8E597400E47E0B;
					};
					208368B32A8E597600E47E0B = {
						CreatedOnToolsVersion = 14.3.1;
						TestTargetID = 208368982A8E597400E47E0B;
					};
				};
			};
			buildConfigurationList = 208368942A8E597400E47E0B /* Build configuration list for PBXProject "b2t80s" */;
			compatibilityVersion = "Xcode 14.0";
			developmentRegion = en;
			hasScannedForEncodings = 0;
			knownRegions = (
				en,
				Base,
			);
			mainGroup = 208368902A8E597400E47E0B;
			productRefGroup = 2083689A2A8E597400E47E0B /* Products */;
			projectDirPath = "";
			projectRoot = "";
			targets = (
				208368982A8E597400E47E0B /* b2t80s */,
				208368A92A8E597600E47E0B /* b2t80sTests */,
				208368B32A8E597600E47E0B /* b2t80sUITests */,
			);
		};
/* End PBXProject section */

/* Begin PBXResourcesBuildPhase section */
		208368972A8E597400E47E0B /* Resources */ = {
			isa = PBXResourcesBuildPhase;
			buildActionMask = 2147483647;
			files = (
				20A67AE72A9DED360012CEAB /* 48k.rom in Resources */,
				208368A42A8E597500E47E0B /* Preview Assets.xcassets in Resources */,
				208368A12A8E597500E47E0B /* Assets.xcassets in Resources */,
			);
			runOnlyForDeploymentPostprocessing = 0;
		};
		208368A82A8E597600E47E0B /* Resources */ = {
			isa = PBXResourcesBuildPhase;
			buildActionMask = 2147483647;
			files = (
				209C1EDE2A936E960005F128 /* tests.out in Resources */,
				20A518202AA4A1AD00F04BB8 /* pacman.tap in Resources */,
				20C8C3852A8F69CF00188246 /* zexdocsmall.cim in Resources */,
				209C1EDF2A936E960005F128 /* tests.in in Resources */,
			);
			runOnlyForDeploymentPostprocessing = 0;
		};
		208368B22A8E597600E47E0B /* Resources */ = {
			isa = PBXResourcesBuildPhase;
			buildActionMask = 2147483647;
			files = (
			);
			runOnlyForDeploymentPostprocessing = 0;
		};
/* End PBXResourcesBuildPhase section */

/* Begin PBXSourcesBuildPhase section */
		208368952A8E597400E47E0B /* Sources */ = {
			isa = PBXSourcesBuildPhase;
			buildActionMask = 2147483647;
			files = (
				20C8C38B2A8F7EE400188246 /* scheduler.swift in Sources */,
				20C5EACD2AA094B90027E715 /* ula_key.swift in Sources */,
				20A67ADE2A9B6AC60012CEAB /* registers.swift in Sources */,
				2083689F2A8E597400E47E0B /* ContentView.swift in Sources */,
				20A67AE92A9E06AB0012CEAB /* ula.swift in Sources */,
				204AC99A2A9E295C008FF2F8 /* bitmap.swift in Sources */,
				20C4EF352AC5808400776D19 /* symbolSelector.swift in Sources */,
				20759FF72AA34CC200E0969D /* cassete.swift in Sources */,
				20C8C3932A92154100188246 /* test.swift in Sources */,
				20B411902AC464DD00645F1C /* debuggerControls.swift in Sources */,
				2083689D2A8E597400E47E0B /* b2t80sApp.swift in Sources */,
				203FC8CD2AC2BFDD00F7E0A1 /* breakPointsView.swift in Sources */,
				20C8C3872A8F6DDF00188246 /* bus.swift in Sources */,
				20A67AE52A9DE1E40012CEAB /* 48k.swift in Sources */,
				2005EAC62AC58D1300472B64 /* ops.swift in Sources */,
				208368D02A8E5BF200E47E0B /* z80.swift in Sources */,
				20A67ADC2A9A079E0012CEAB /* diss.swift in Sources */,
				203882972AA9E5C000878CD9 /* formatters.swift in Sources */,
				20B4118D2AC38B1600645F1C /* misc.swift in Sources */,
				2094939F2AA78DD600938DA2 /* collapsible.swift in Sources */,
				203510B92AB0A8310069B16D /* sound.swift in Sources */,
				2005EAC52AC58D1300472B64 /* opsCodes.swift in Sources */,
				20C8C38D2A8F7FD800188246 /* types.swift in Sources */,
				200414132ACC41CA00DAD673 /* controlsOverlay.swift in Sources */,
				20759FF92AA34EE700E0969D /* tap.swift in Sources */,
			);
			runOnlyForDeploymentPostprocessing = 0;
		};
		208368A62A8E597600E47E0B /* Sources */ = {
			isa = PBXSourcesBuildPhase;
			buildActionMask = 2147483647;
			files = (
				20C8C3812A8F635800188246 /* z80Tests.swift in Sources */,
				20A518222AA4A1CC00F04BB8 /* tapTests.swift in Sources */,
				208368AF2A8E597600E47E0B /* b2t80sTests.swift in Sources */,
			);
			runOnlyForDeploymentPostprocessing = 0;
		};
		208368B02A8E597600E47E0B /* Sources */ = {
			isa = PBXSourcesBuildPhase;
			buildActionMask = 2147483647;
			files = (
				208368B92A8E597600E47E0B /* b2t80sUITests.swift in Sources */,
				208368BB2A8E597600E47E0B /* b2t80sUITestsLaunchTests.swift in Sources */,
			);
			runOnlyForDeploymentPostprocessing = 0;
		};
/* End PBXSourcesBuildPhase section */

/* Begin PBXTargetDependency section */
		208368AC2A8E597600E47E0B /* PBXTargetDependency */ = {
			isa = PBXTargetDependency;
			target = 208368982A8E597400E47E0B /* b2t80s */;
			targetProxy = 208368AB2A8E597600E47E0B /* PBXContainerItemProxy */;
		};
		208368B62A8E597600E47E0B /* PBXTargetDependency */ = {
			isa = PBXTargetDependency;
			target = 208368982A8E597400E47E0B /* b2t80s */;
			targetProxy = 208368B52A8E597600E47E0B /* PBXContainerItemProxy */;
		};
/* End PBXTargetDependency section */

/* Begin XCBuildConfiguration section */
		208368BC2A8E597600E47E0B /* Debug */ = {
			isa = XCBuildConfiguration;
			buildSettings = {
				ALWAYS_SEARCH_USER_PATHS = NO;
				CLANG_ANALYZER_NONNULL = YES;
				CLANG_ANALYZER_NUMBER_OBJECT_CONVERSION = YES_AGGRESSIVE;
				CLANG_CXX_LANGUAGE_STANDARD = "gnu++20";
				CLANG_ENABLE_MODULES = YES;
				CLANG_ENABLE_OBJC_ARC = YES;
				CLANG_ENABLE_OBJC_WEAK = YES;
				CLANG_WARN_BLOCK_CAPTURE_AUTORELEASING = YES;
				CLANG_WARN_BOOL_CONVERSION = YES;
				CLANG_WARN_COMMA = YES;
				CLANG_WARN_CONSTANT_CONVERSION = YES;
				CLANG_WARN_DEPRECATED_OBJC_IMPLEMENTATIONS = YES;
				CLANG_WARN_DIRECT_OBJC_ISA_USAGE = YES_ERROR;
				CLANG_WARN_DOCUMENTATION_COMMENTS = YES;
				CLANG_WARN_EMPTY_BODY = YES;
				CLANG_WARN_ENUM_CONVERSION = YES;
				CLANG_WARN_INFINITE_RECURSION = YES;
				CLANG_WARN_INT_CONVERSION = YES;
				CLANG_WARN_NON_LITERAL_NULL_CONVERSION = YES;
				CLANG_WARN_OBJC_IMPLICIT_RETAIN_SELF = YES;
				CLANG_WARN_OBJC_LITERAL_CONVERSION = YES;
				CLANG_WARN_OBJC_ROOT_CLASS = YES_ERROR;
				CLANG_WARN_QUOTED_INCLUDE_IN_FRAMEWORK_HEADER = YES;
				CLANG_WARN_RANGE_LOOP_ANALYSIS = YES;
				CLANG_WARN_STRICT_PROTOTYPES = YES;
				CLANG_WARN_SUSPICIOUS_MOVE = YES;
				CLANG_WARN_UNGUARDED_AVAILABILITY = YES_AGGRESSIVE;
				CLANG_WARN_UNREACHABLE_CODE = YES;
				CLANG_WARN__DUPLICATE_METHOD_MATCH = YES;
				COPY_PHASE_STRIP = NO;
				DEAD_CODE_STRIPPING = YES;
				DEBUG_INFORMATION_FORMAT = dwarf;
				ENABLE_STRICT_OBJC_MSGSEND = YES;
				ENABLE_TESTABILITY = YES;
				ENABLE_USER_SCRIPT_SANDBOXING = YES;
				GCC_C_LANGUAGE_STANDARD = gnu11;
				GCC_DYNAMIC_NO_PIC = NO;
				GCC_NO_COMMON_BLOCKS = YES;
				GCC_OPTIMIZATION_LEVEL = 0;
				GCC_PREPROCESSOR_DEFINITIONS = (
					"DEBUG=1",
					"$(inherited)",
				);
				GCC_WARN_64_TO_32_BIT_CONVERSION = YES;
				GCC_WARN_ABOUT_RETURN_TYPE = YES_ERROR;
				GCC_WARN_UNDECLARED_SELECTOR = YES;
				GCC_WARN_UNINITIALIZED_AUTOS = YES_AGGRESSIVE;
				GCC_WARN_UNUSED_FUNCTION = YES;
				GCC_WARN_UNUSED_VARIABLE = YES;
				MACOSX_DEPLOYMENT_TARGET = 14.0;
				MTL_ENABLE_DEBUG_INFO = INCLUDE_SOURCE;
				MTL_FAST_MATH = YES;
				ONLY_ACTIVE_ARCH = YES;
				SDKROOT = macosx;
				SWIFT_ACTIVE_COMPILATION_CONDITIONS = DEBUG;
				SWIFT_OPTIMIZATION_LEVEL = "-Onone";
			};
			name = Debug;
		};
		208368BD2A8E597600E47E0B /* Release */ = {
			isa = XCBuildConfiguration;
			buildSettings = {
				ALWAYS_SEARCH_USER_PATHS = NO;
				CLANG_ANALYZER_NONNULL = YES;
				CLANG_ANALYZER_NUMBER_OBJECT_CONVERSION = YES_AGGRESSIVE;
				CLANG_CXX_LANGUAGE_STANDARD = "gnu++20";
				CLANG_ENABLE_MODULES = YES;
				CLANG_ENABLE_OBJC_ARC = YES;
				CLANG_ENABLE_OBJC_WEAK = YES;
				CLANG_WARN_BLOCK_CAPTURE_AUTORELEASING = YES;
				CLANG_WARN_BOOL_CONVERSION = YES;
				CLANG_WARN_COMMA = YES;
				CLANG_WARN_CONSTANT_CONVERSION = YES;
				CLANG_WARN_DEPRECATED_OBJC_IMPLEMENTATIONS = YES;
				CLANG_WARN_DIRECT_OBJC_ISA_USAGE = YES_ERROR;
				CLANG_WARN_DOCUMENTATION_COMMENTS = YES;
				CLANG_WARN_EMPTY_BODY = YES;
				CLANG_WARN_ENUM_CONVERSION = YES;
				CLANG_WARN_INFINITE_RECURSION = YES;
				CLANG_WARN_INT_CONVERSION = YES;
				CLANG_WARN_NON_LITERAL_NULL_CONVERSION = YES;
				CLANG_WARN_OBJC_IMPLICIT_RETAIN_SELF = YES;
				CLANG_WARN_OBJC_LITERAL_CONVERSION = YES;
				CLANG_WARN_OBJC_ROOT_CLASS = YES_ERROR;
				CLANG_WARN_QUOTED_INCLUDE_IN_FRAMEWORK_HEADER = YES;
				CLANG_WARN_RANGE_LOOP_ANALYSIS = YES;
				CLANG_WARN_STRICT_PROTOTYPES = YES;
				CLANG_WARN_SUSPICIOUS_MOVE = YES;
				CLANG_WARN_UNGUARDED_AVAILABILITY = YES_AGGRESSIVE;
				CLANG_WARN_UNREACHABLE_CODE = YES;
				CLANG_WARN__DUPLICATE_METHOD_MATCH = YES;
				COPY_PHASE_STRIP = NO;
				DEAD_CODE_STRIPPING = YES;
				DEBUG_INFORMATION_FORMAT = "dwarf-with-dsym";
				ENABLE_NS_ASSERTIONS = NO;
				ENABLE_STRICT_OBJC_MSGSEND = YES;
				ENABLE_USER_SCRIPT_SANDBOXING = YES;
				GCC_C_LANGUAGE_STANDARD = gnu11;
				GCC_NO_COMMON_BLOCKS = YES;
				GCC_WARN_64_TO_32_BIT_CONVERSION = YES;
				GCC_WARN_ABOUT_RETURN_TYPE = YES_ERROR;
				GCC_WARN_UNDECLARED_SELECTOR = YES;
				GCC_WARN_UNINITIALIZED_AUTOS = YES_AGGRESSIVE;
				GCC_WARN_UNUSED_FUNCTION = YES;
				GCC_WARN_UNUSED_VARIABLE = YES;
				MACOSX_DEPLOYMENT_TARGET = 14.0;
				MTL_ENABLE_DEBUG_INFO = NO;
				MTL_FAST_MATH = YES;
				SDKROOT = macosx;
				SWIFT_COMPILATION_MODE = wholemodule;
				SWIFT_OPTIMIZATION_LEVEL = "-O";
			};
			name = Release;
		};
		208368BF2A8E597600E47E0B /* Debug */ = {
			isa = XCBuildConfiguration;
			buildSettings = {
				ASSETCATALOG_COMPILER_APPICON_NAME = AppIcon;
				ASSETCATALOG_COMPILER_GLOBAL_ACCENT_COLOR_NAME = AccentColor;
				CODE_SIGN_ENTITLEMENTS = b2t80s/b2t80s.entitlements;
				CODE_SIGN_IDENTITY = "Apple Development";
				"CODE_SIGN_IDENTITY[sdk=macosx*]" = "Apple Development";
				CODE_SIGN_STYLE = Automatic;
				COMBINE_HIDPI_IMAGES = YES;
				CURRENT_PROJECT_VERSION = 1;
				DEAD_CODE_STRIPPING = YES;
				DEVELOPMENT_ASSET_PATHS = "\"b2t80s/Preview Content\"";
				DEVELOPMENT_TEAM = 3H78SDLZBC;
				ENABLE_HARDENED_RUNTIME = YES;
				ENABLE_PREVIEWS = YES;
				GENERATE_INFOPLIST_FILE = YES;
				INFOPLIST_FILE = b2t80s/Info.plist;
				INFOPLIST_KEY_NSHumanReadableCopyright = "";
				LD_RUNPATH_SEARCH_PATHS = (
					"$(inherited)",
					"@executable_path/../Frameworks",
				);
				MARKETING_VERSION = 1.0;
				PRODUCT_BUNDLE_IDENTIFIER = com.laullon.b2t80s;
				PRODUCT_NAME = "$(TARGET_NAME)";
				PROVISIONING_PROFILE_SPECIFIER = "";
				SWIFT_EMIT_LOC_STRINGS = YES;
				SWIFT_VERSION = 5.0;
			};
			name = Debug;
		};
		208368C02A8E597600E47E0B /* Release */ = {
			isa = XCBuildConfiguration;
			buildSettings = {
				ASSETCATALOG_COMPILER_APPICON_NAME = AppIcon;
				ASSETCATALOG_COMPILER_GLOBAL_ACCENT_COLOR_NAME = AccentColor;
				CODE_SIGN_ENTITLEMENTS = b2t80s/b2t80s.entitlements;
				CODE_SIGN_IDENTITY = "Apple Development";
				"CODE_SIGN_IDENTITY[sdk=macosx*]" = "Apple Development";
				CODE_SIGN_STYLE = Automatic;
				COMBINE_HIDPI_IMAGES = YES;
				CURRENT_PROJECT_VERSION = 1;
				DEAD_CODE_STRIPPING = YES;
				DEVELOPMENT_ASSET_PATHS = "\"b2t80s/Preview Content\"";
				DEVELOPMENT_TEAM = 3H78SDLZBC;
				ENABLE_HARDENED_RUNTIME = YES;
				ENABLE_PREVIEWS = YES;
				GENERATE_INFOPLIST_FILE = YES;
				INFOPLIST_FILE = b2t80s/Info.plist;
				INFOPLIST_KEY_NSHumanReadableCopyright = "";
				LD_RUNPATH_SEARCH_PATHS = (
					"$(inherited)",
					"@executable_path/../Frameworks",
				);
				MARKETING_VERSION = 1.0;
				PRODUCT_BUNDLE_IDENTIFIER = com.laullon.b2t80s;
				PRODUCT_NAME = "$(TARGET_NAME)";
				PROVISIONING_PROFILE_SPECIFIER = "";
				SWIFT_EMIT_LOC_STRINGS = YES;
				SWIFT_VERSION = 5.0;
			};
			name = Release;
		};
		208368C22A8E597600E47E0B /* Debug */ = {
			isa = XCBuildConfiguration;
			buildSettings = {
				ALWAYS_EMBED_SWIFT_STANDARD_LIBRARIES = YES;
				BUNDLE_LOADER = "$(TEST_HOST)";
				CODE_SIGN_IDENTITY = "Apple Development";
				"CODE_SIGN_IDENTITY[sdk=macosx*]" = "Apple Development";
				CODE_SIGN_STYLE = Automatic;
				CURRENT_PROJECT_VERSION = 1;
				DEAD_CODE_STRIPPING = YES;
				DEVELOPMENT_TEAM = 3H78SDLZBC;
				GENERATE_INFOPLIST_FILE = YES;
				MACOSX_DEPLOYMENT_TARGET = 13.3;
				MARKETING_VERSION = 1.0;
				PRODUCT_BUNDLE_IDENTIFIER = com.laullon.b2t80sTests;
				PRODUCT_NAME = "$(TARGET_NAME)";
				PROVISIONING_PROFILE_SPECIFIER = "";
				SWIFT_EMIT_LOC_STRINGS = NO;
				SWIFT_VERSION = 5.0;
				TEST_HOST = "$(BUILT_PRODUCTS_DIR)/b2t80s.app/$(BUNDLE_EXECUTABLE_FOLDER_PATH)/b2t80s";
			};
			name = Debug;
		};
		208368C32A8E597600E47E0B /* Release */ = {
			isa = XCBuildConfiguration;
			buildSettings = {
				ALWAYS_EMBED_SWIFT_STANDARD_LIBRARIES = YES;
				BUNDLE_LOADER = "$(TEST_HOST)";
				CODE_SIGN_IDENTITY = "Apple Development";
				"CODE_SIGN_IDENTITY[sdk=macosx*]" = "Apple Development";
				CODE_SIGN_STYLE = Automatic;
				CURRENT_PROJECT_VERSION = 1;
				DEAD_CODE_STRIPPING = YES;
				DEVELOPMENT_TEAM = 3H78SDLZBC;
				GENERATE_INFOPLIST_FILE = YES;
				MACOSX_DEPLOYMENT_TARGET = 13.3;
				MARKETING_VERSION = 1.0;
				PRODUCT_BUNDLE_IDENTIFIER = com.laullon.b2t80sTests;
				PRODUCT_NAME = "$(TARGET_NAME)";
				PROVISIONING_PROFILE_SPECIFIER = "";
				SWIFT_EMIT_LOC_STRINGS = NO;
				SWIFT_VERSION = 5.0;
				TEST_HOST = "$(BUILT_PRODUCTS_DIR)/b2t80s.app/$(BUNDLE_EXECUTABLE_FOLDER_PATH)/b2t80s";
			};
			name = Release;
		};
		208368C52A8E597600E47E0B /* Debug */ = {
			isa = XCBuildConfiguration;
			buildSettings = {
				ALWAYS_EMBED_SWIFT_STANDARD_LIBRARIES = YES;
				"CODE_SIGN_IDENTITY[sdk=macosx*]" = "Apple Development";
				CODE_SIGN_STYLE = Automatic;
				CURRENT_PROJECT_VERSION = 1;
				DEAD_CODE_STRIPPING = YES;
				DEVELOPMENT_TEAM = 3H78SDLZBC;
				GENERATE_INFOPLIST_FILE = YES;
				MARKETING_VERSION = 1.0;
				PRODUCT_BUNDLE_IDENTIFIER = com.laullon.b2t80sUITests;
				PRODUCT_NAME = "$(TARGET_NAME)";
				SWIFT_EMIT_LOC_STRINGS = NO;
				SWIFT_VERSION = 5.0;
				TEST_TARGET_NAME = b2t80s;
			};
			name = Debug;
		};
		208368C62A8E597600E47E0B /* Release */ = {
			isa = XCBuildConfiguration;
			buildSettings = {
				ALWAYS_EMBED_SWIFT_STANDARD_LIBRARIES = YES;
				"CODE_SIGN_IDENTITY[sdk=macosx*]" = "Apple Development";
				CODE_SIGN_STYLE = Automatic;
				CURRENT_PROJECT_VERSION = 1;
				DEAD_CODE_STRIPPING = YES;
				DEVELOPMENT_TEAM = 3H78SDLZBC;
				GENERATE_INFOPLIST_FILE = YES;
				MARKETING_VERSION = 1.0;
				PRODUCT_BUNDLE_IDENTIFIER = com.laullon.b2t80sUITests;
				PRODUCT_NAME = "$(TARGET_NAME)";
				SWIFT_EMIT_LOC_STRINGS = NO;
				SWIFT_VERSION = 5.0;
				TEST_TARGET_NAME = b2t80s;
			};
			name = Release;
		};
/* End XCBuildConfiguration section */

/* Begin XCConfigurationList section */
		208368942A8E597400E47E0B /* Build configuration list for PBXProject "b2t80s" */ = {
			isa = XCConfigurationList;
			buildConfigurations = (
				208368BC2A8E597600E47E0B /* Debug */,
				208368BD2A8E597600E47E0B /* Release */,
			);
			defaultConfigurationIsVisible = 0;
			defaultConfigurationName = Release;
		};
		208368BE2A8E597600E47E0B /* Build configuration list for PBXNativeTarget "b2t80s" */ = {
			isa = XCConfigurationList;
			buildConfigurations = (
				208368BF2A8E597600E47E0B /* Debug */,
				208368C02A8E597600E47E0B /* Release */,
			);
			defaultConfigurationIsVisible = 0;
			defaultConfigurationName = Release;
		};
		208368C12A8E597600E47E0B /* Build configuration list for PBXNativeTarget "b2t80sTests" */ = {
			isa = XCConfigurationList;
			buildConfigurations = (
				208368C22A8E597600E47E0B /* Debug */,
				208368C32A8E597600E47E0B /* Release */,
			);
			defaultConfigurationIsVisible = 0;
			defaultConfigurationName = Release;
		};
		208368C42A8E597600E47E0B /* Build configuration list for PBXNativeTarget "b2t80sUITests" */ = {
			isa = XCConfigurationList;
			buildConfigurations = (
				208368C52A8E597600E47E0B /* Debug */,
				208368C62A8E597600E47E0B /* Release */,
			);
			defaultConfigurationIsVisible = 0;
			defaultConfigurationName = Release;
		};
/* End XCConfigurationList section */
	};
	rootObject = 208368912A8E597400E47E0B /* Project object */;
}
